// !$*UTF8*$!
{
	archiveVersion = 1;
	classes = {
	};
	objectVersion = 56;
	objects = {

/* Begin PBXBuildFile section */
		5787FBB12B84DFB600023063 /* AppDelegate.swift in Sources */ = {isa = PBXBuildFile; fileRef = 5787FBB02B84DFB600023063 /* AppDelegate.swift */; };
		5787FBB32B84DFB600023063 /* SceneDelegate.swift in Sources */ = {isa = PBXBuildFile; fileRef = 5787FBB22B84DFB600023063 /* SceneDelegate.swift */; };
		5787FBB52B84DFB600023063 /* ViewController.swift in Sources */ = {isa = PBXBuildFile; fileRef = 5787FBB42B84DFB600023063 /* ViewController.swift */; };
		5787FBB82B84DFB600023063 /* Main.storyboard in Resources */ = {isa = PBXBuildFile; fileRef = 5787FBB62B84DFB600023063 /* Main.storyboard */; };
		5787FBBB2B84DFB600023063 /* Hammer.xcdatamodeld in Sources */ = {isa = PBXBuildFile; fileRef = 5787FBB92B84DFB600023063 /* Hammer.xcdatamodeld */; };
		5787FBBD2B84DFBA00023063 /* Assets.xcassets in Resources */ = {isa = PBXBuildFile; fileRef = 5787FBBC2B84DFBA00023063 /* Assets.xcassets */; };
		5787FBC02B84DFBA00023063 /* LaunchScreen.storyboard in Resources */ = {isa = PBXBuildFile; fileRef = 5787FBBE2B84DFBA00023063 /* LaunchScreen.storyboard */; };
		5787FBCB2B84DFBB00023063 /* HammerTests.swift in Sources */ = {isa = PBXBuildFile; fileRef = 5787FBCA2B84DFBB00023063 /* HammerTests.swift */; };
		5787FBD52B84DFBB00023063 /* HammerUITests.swift in Sources */ = {isa = PBXBuildFile; fileRef = 5787FBD42B84DFBB00023063 /* HammerUITests.swift */; };
		5787FBD72B84DFBB00023063 /* HammerUITestsLaunchTests.swift in Sources */ = {isa = PBXBuildFile; fileRef = 5787FBD62B84DFBB00023063 /* HammerUITestsLaunchTests.swift */; };
/* End PBXBuildFile section */

/* Begin PBXContainerItemProxy section */
		5787FBC72B84DFBB00023063 /* PBXContainerItemProxy */ = {
			isa = PBXContainerItemProxy;
			containerPortal = 5787FBA52B84DFB600023063 /* Project object */;
			proxyType = 1;
			remoteGlobalIDString = 5787FBAC2B84DFB600023063;
			remoteInfo = Hammer;
		};
		5787FBD12B84DFBB00023063 /* PBXContainerItemProxy */ = {
			isa = PBXContainerItemProxy;
			containerPortal = 5787FBA52B84DFB600023063 /* Project object */;
			proxyType = 1;
			remoteGlobalIDString = 5787FBAC2B84DFB600023063;
			remoteInfo = Hammer;
		};
/* End PBXContainerItemProxy section */

/* Begin PBXFileReference section */
		5787FBAD2B84DFB600023063 /* Hammer.app */ = {isa = PBXFileReference; explicitFileType = wrapper.application; includeInIndex = 0; path = Hammer.app; sourceTree = BUILT_PRODUCTS_DIR; };
		5787FBB02B84DFB600023063 /* AppDelegate.swift */ = {isa = PBXFileReference; lastKnownFileType = sourcecode.swift; path = AppDelegate.swift; sourceTree = "<group>"; };
		5787FBB22B84DFB600023063 /* SceneDelegate.swift */ = {isa = PBXFileReference; lastKnownFileType = sourcecode.swift; path = SceneDelegate.swift; sourceTree = "<group>"; };
		5787FBB42B84DFB600023063 /* ViewController.swift */ = {isa = PBXFileReference; lastKnownFileType = sourcecode.swift; path = ViewController.swift; sourceTree = "<group>"; };
		5787FBB72B84DFB600023063 /* Base */ = {isa = PBXFileReference; lastKnownFileType = file.storyboard; name = Base; path = Base.lproj/Main.storyboard; sourceTree = "<group>"; };
		5787FBBA2B84DFB600023063 /* Hammer.xcdatamodel */ = {isa = PBXFileReference; lastKnownFileType = wrapper.xcdatamodel; path = Hammer.xcdatamodel; sourceTree = "<group>"; };
		5787FBBC2B84DFBA00023063 /* Assets.xcassets */ = {isa = PBXFileReference; lastKnownFileType = folder.assetcatalog; path = Assets.xcassets; sourceTree = "<group>"; };
		5787FBBF2B84DFBA00023063 /* Base */ = {isa = PBXFileReference; lastKnownFileType = file.storyboard; name = Base; path = Base.lproj/LaunchScreen.storyboard; sourceTree = "<group>"; };
		5787FBC12B84DFBA00023063 /* Info.plist */ = {isa = PBXFileReference; lastKnownFileType = text.plist.xml; path = Info.plist; sourceTree = "<group>"; };
		5787FBC62B84DFBB00023063 /* HammerTests.xctest */ = {isa = PBXFileReference; explicitFileType = wrapper.cfbundle; includeInIndex = 0; path = HammerTests.xctest; sourceTree = BUILT_PRODUCTS_DIR; };
		5787FBCA2B84DFBB00023063 /* HammerTests.swift */ = {isa = PBXFileReference; lastKnownFileType = sourcecode.swift; path = HammerTests.swift; sourceTree = "<group>"; };
		5787FBD02B84DFBB00023063 /* HammerUITests.xctest */ = {isa = PBXFileReference; explicitFileType = wrapper.cfbundle; includeInIndex = 0; path = HammerUITests.xctest; sourceTree = BUILT_PRODUCTS_DIR; };
		5787FBD42B84DFBB00023063 /* HammerUITests.swift */ = {isa = PBXFileReference; lastKnownFileType = sourcecode.swift; path = HammerUITests.swift; sourceTree = "<group>"; };
		5787FBD62B84DFBB00023063 /* HammerUITestsLaunchTests.swift */ = {isa = PBXFileReference; lastKnownFileType = sourcecode.swift; path = HammerUITestsLaunchTests.swift; sourceTree = "<group>"; };
/* End PBXFileReference section */

/* Begin PBXFrameworksBuildPhase section */
		5787FBAA2B84DFB600023063 /* Frameworks */ = {
			isa = PBXFrameworksBuildPhase;
			buildActionMask = 2147483647;
			files = (
			);
			runOnlyForDeploymentPostprocessing = 0;
		};
		5787FBC32B84DFBB00023063 /* Frameworks */ = {
			isa = PBXFrameworksBuildPhase;
			buildActionMask = 2147483647;
			files = (
			);
			runOnlyForDeploymentPostprocessing = 0;
		};
		5787FBCD2B84DFBB00023063 /* Frameworks */ = {
			isa = PBXFrameworksBuildPhase;
			buildActionMask = 2147483647;
			files = (
			);
			runOnlyForDeploymentPostprocessing = 0;
		};
/* End PBXFrameworksBuildPhase section */

/* Begin PBXGroup section */
		5787FBA42B84DFB600023063 = {
			isa = PBXGroup;
			children = (
				5787FBAF2B84DFB600023063 /* Hammer */,
				5787FBC92B84DFBB00023063 /* HammerTests */,
				5787FBD32B84DFBB00023063 /* HammerUITests */,
				5787FBAE2B84DFB600023063 /* Products */,
			);
			sourceTree = "<group>";
		};
		5787FBAE2B84DFB600023063 /* Products */ = {
			isa = PBXGroup;
			children = (
				5787FBAD2B84DFB600023063 /* Hammer.app */,
				5787FBC62B84DFBB00023063 /* HammerTests.xctest */,
				5787FBD02B84DFBB00023063 /* HammerUITests.xctest */,
			);
			name = Products;
			sourceTree = "<group>";
		};
		5787FBAF2B84DFB600023063 /* Hammer */ = {
			isa = PBXGroup;
			children = (
				5787FBB02B84DFB600023063 /* AppDelegate.swift */,
				5787FBB22B84DFB600023063 /* SceneDelegate.swift */,
				5787FBB42B84DFB600023063 /* ViewController.swift */,
				5787FBB62B84DFB600023063 /* Main.storyboard */,
				5787FBBC2B84DFBA00023063 /* Assets.xcassets */,
				5787FBBE2B84DFBA00023063 /* LaunchScreen.storyboard */,
				5787FBC12B84DFBA00023063 /* Info.plist */,
				5787FBB92B84DFB600023063 /* Hammer.xcdatamodeld */,
			);
			path = Hammer;
			sourceTree = "<group>";
		};
		5787FBC92B84DFBB00023063 /* HammerTests */ = {
			isa = PBXGroup;
			children = (
				5787FBCA2B84DFBB00023063 /* HammerTests.swift */,
			);
			path = HammerTests;
			sourceTree = "<group>";
		};
		5787FBD32B84DFBB00023063 /* HammerUITests */ = {
			isa = PBXGroup;
			children = (
				5787FBD42B84DFBB00023063 /* HammerUITests.swift */,
				5787FBD62B84DFBB00023063 /* HammerUITestsLaunchTests.swift */,
			);
			path = HammerUITests;
			sourceTree = "<group>";
		};
/* End PBXGroup section */

/* Begin PBXNativeTarget section */
		5787FBAC2B84DFB600023063 /* Hammer */ = {
			isa = PBXNativeTarget;
			buildConfigurationList = 5787FBDA2B84DFBB00023063 /* Build configuration list for PBXNativeTarget "Hammer" */;
			buildPhases = (
				5787FBA92B84DFB600023063 /* Sources */,
				5787FBAA2B84DFB600023063 /* Frameworks */,
				5787FBAB2B84DFB600023063 /* Resources */,
			);
			buildRules = (
			);
			dependencies = (
			);
			name = Hammer;
			productName = Hammer;
			productReference = 5787FBAD2B84DFB600023063 /* Hammer.app */;
			productType = "com.apple.product-type.application";
		};
		5787FBC52B84DFBB00023063 /* HammerTests */ = {
			isa = PBXNativeTarget;
			buildConfigurationList = 5787FBDD2B84DFBB00023063 /* Build configuration list for PBXNativeTarget "HammerTests" */;
			buildPhases = (
				5787FBC22B84DFBB00023063 /* Sources */,
				5787FBC32B84DFBB00023063 /* Frameworks */,
				5787FBC42B84DFBB00023063 /* Resources */,
			);
			buildRules = (
			);
			dependencies = (
				5787FBC82B84DFBB00023063 /* PBXTargetDependency */,
			);
			name = HammerTests;
			productName = HammerTests;
			productReference = 5787FBC62B84DFBB00023063 /* HammerTests.xctest */;
			productType = "com.apple.product-type.bundle.unit-test";
		};
		5787FBCF2B84DFBB00023063 /* HammerUITests */ = {
			isa = PBXNativeTarget;
			buildConfigurationList = 5787FBE02B84DFBB00023063 /* Build configuration list for PBXNativeTarget "HammerUITests" */;
			buildPhases = (
				5787FBCC2B84DFBB00023063 /* Sources */,
				5787FBCD2B84DFBB00023063 /* Frameworks */,
				5787FBCE2B84DFBB00023063 /* Resources */,
			);
			buildRules = (
			);
			dependencies = (
				5787FBD22B84DFBB00023063 /* PBXTargetDependency */,
			);
			name = HammerUITests;
			productName = HammerUITests;
			productReference = 5787FBD02B84DFBB00023063 /* HammerUITests.xctest */;
			productType = "com.apple.product-type.bundle.ui-testing";
		};
/* End PBXNativeTarget section */

/* Begin PBXProject section */
		5787FBA52B84DFB600023063 /* Project object */ = {
			isa = PBXProject;
			attributes = {
				BuildIndependentTargetsInParallel = 1;
				LastSwiftUpdateCheck = 1520;
				LastUpgradeCheck = 1520;
				TargetAttributes = {
					5787FBAC2B84DFB600023063 = {
						CreatedOnToolsVersion = 15.2;
					};
					5787FBC52B84DFBB00023063 = {
						CreatedOnToolsVersion = 15.2;
						TestTargetID = 5787FBAC2B84DFB600023063;
					};
					5787FBCF2B84DFBB00023063 = {
						CreatedOnToolsVersion = 15.2;
						TestTargetID = 5787FBAC2B84DFB600023063;
					};
				};
			};
			buildConfigurationList = 5787FBA82B84DFB600023063 /* Build configuration list for PBXProject "Hammer" */;
			compatibilityVersion = "Xcode 14.0";
			developmentRegion = en;
			hasScannedForEncodings = 0;
			knownRegions = (
				en,
				Base,
			);
			mainGroup = 5787FBA42B84DFB600023063;
			productRefGroup = 5787FBAE2B84DFB600023063 /* Products */;
			projectDirPath = "";
			projectRoot = "";
			targets = (
				5787FBAC2B84DFB600023063 /* Hammer */,
				5787FBC52B84DFBB00023063 /* HammerTests */,
				5787FBCF2B84DFBB00023063 /* HammerUITests */,
			);
		};
/* End PBXProject section */

/* Begin PBXResourcesBuildPhase section */
		5787FBAB2B84DFB600023063 /* Resources */ = {
			isa = PBXResourcesBuildPhase;
			buildActionMask = 2147483647;
			files = (
				5787FBC02B84DFBA00023063 /* LaunchScreen.storyboard in Resources */,
				5787FBBD2B84DFBA00023063 /* Assets.xcassets in Resources */,
				5787FBB82B84DFB600023063 /* Main.storyboard in Resources */,
			);
			runOnlyForDeploymentPostprocessing = 0;
		};
		5787FBC42B84DFBB00023063 /* Resources */ = {
			isa = PBXResourcesBuildPhase;
			buildActionMask = 2147483647;
			files = (
			);
			runOnlyForDeploymentPostprocessing = 0;
		};
		5787FBCE2B84DFBB00023063 /* Resources */ = {
			isa = PBXResourcesBuildPhase;
			buildActionMask = 2147483647;
			files = (
			);
			runOnlyForDeploymentPostprocessing = 0;
		};
/* End PBXResourcesBuildPhase section */

/* Begin PBXSourcesBuildPhase section */
		5787FBA92B84DFB600023063 /* Sources */ = {
			isa = PBXSourcesBuildPhase;
			buildActionMask = 2147483647;
			files = (
				5787FBB52B84DFB600023063 /* ViewController.swift in Sources */,
				5787FBBB2B84DFB600023063 /* Hammer.xcdatamodeld in Sources */,
				5787FBB12B84DFB600023063 /* AppDelegate.swift in Sources */,
				5787FBB32B84DFB600023063 /* SceneDelegate.swift in Sources */,
			);
			runOnlyForDeploymentPostprocessing = 0;
		};
		5787FBC22B84DFBB00023063 /* Sources */ = {
			isa = PBXSourcesBuildPhase;
			buildActionMask = 2147483647;
			files = (
				5787FBCB2B84DFBB00023063 /* HammerTests.swift in Sources */,
			);
			runOnlyForDeploymentPostprocessing = 0;
		};
		5787FBCC2B84DFBB00023063 /* Sources */ = {
			isa = PBXSourcesBuildPhase;
			buildActionMask = 2147483647;
			files = (
				5787FBD72B84DFBB00023063 /* HammerUITestsLaunchTests.swift in Sources */,
				5787FBD52B84DFBB00023063 /* HammerUITests.swift in Sources */,
			);
			runOnlyForDeploymentPostprocessing = 0;
		};
/* End PBXSourcesBuildPhase section */

/* Begin PBXTargetDependency section */
		5787FBC82B84DFBB00023063 /* PBXTargetDependency */ = {
			isa = PBXTargetDependency;
			target = 5787FBAC2B84DFB600023063 /* Hammer */;
			targetProxy = 5787FBC72B84DFBB00023063 /* PBXContainerItemProxy */;
		};
		5787FBD22B84DFBB00023063 /* PBXTargetDependency */ = {
			isa = PBXTargetDependency;
			target = 5787FBAC2B84DFB600023063 /* Hammer */;
			targetProxy = 5787FBD12B84DFBB00023063 /* PBXContainerItemProxy */;
		};
/* End PBXTargetDependency section */

/* Begin PBXVariantGroup section */
		5787FBB62B84DFB600023063 /* Main.storyboard */ = {
			isa = PBXVariantGroup;
			children = (
				5787FBB72B84DFB600023063 /* Base */,
			);
			name = Main.storyboard;
			sourceTree = "<group>";
		};
		5787FBBE2B84DFBA00023063 /* LaunchScreen.storyboard */ = {
			isa = PBXVariantGroup;
			children = (
				5787FBBF2B84DFBA00023063 /* Base */,
			);
			name = LaunchScreen.storyboard;
			sourceTree = "<group>";
		};
/* End PBXVariantGroup section */

/* Begin XCBuildConfiguration section */
		5787FBD82B84DFBB00023063 /* Debug */ = {
			isa = XCBuildConfiguration;
			buildSettings = {
				ALWAYS_SEARCH_USER_PATHS = NO;
				ASSETCATALOG_COMPILER_GENERATE_SWIFT_ASSET_SYMBOL_EXTENSIONS = YES;
				CLANG_ANALYZER_NONNULL = YES;
				CLANG_ANALYZER_NUMBER_OBJECT_CONVERSION = YES_AGGRESSIVE;
				CLANG_CXX_LANGUAGE_STANDARD = "gnu++20";
				CLANG_ENABLE_MODULES = YES;
				CLANG_ENABLE_OBJC_ARC = YES;
				CLANG_ENABLE_OBJC_WEAK = YES;
				CLANG_WARN_BLOCK_CAPTURE_AUTORELEASING = YES;
				CLANG_WARN_BOOL_CONVERSION = YES;
				CLANG_WARN_COMMA = YES;
				CLANG_WARN_CONSTANT_CONVERSION = YES;
				CLANG_WARN_DEPRECATED_OBJC_IMPLEMENTATIONS = YES;
				CLANG_WARN_DIRECT_OBJC_ISA_USAGE = YES_ERROR;
				CLANG_WARN_DOCUMENTATION_COMMENTS = YES;
				CLANG_WARN_EMPTY_BODY = YES;
				CLANG_WARN_ENUM_CONVERSION = YES;
				CLANG_WARN_INFINITE_RECURSION = YES;
				CLANG_WARN_INT_CONVERSION = YES;
				CLANG_WARN_NON_LITERAL_NULL_CONVERSION = YES;
				CLANG_WARN_OBJC_IMPLICIT_RETAIN_SELF = YES;
				CLANG_WARN_OBJC_LITERAL_CONVERSION = YES;
				CLANG_WARN_OBJC_ROOT_CLASS = YES_ERROR;
				CLANG_WARN_QUOTED_INCLUDE_IN_FRAMEWORK_HEADER = YES;
				CLANG_WARN_RANGE_LOOP_ANALYSIS = YES;
				CLANG_WARN_STRICT_PROTOTYPES = YES;
				CLANG_WARN_SUSPICIOUS_MOVE = YES;
				CLANG_WARN_UNGUARDED_AVAILABILITY = YES_AGGRESSIVE;
				CLANG_WARN_UNREACHABLE_CODE = YES;
				CLANG_WARN__DUPLICATE_METHOD_MATCH = YES;
				COPY_PHASE_STRIP = NO;
				DEBUG_INFORMATION_FORMAT = dwarf;
				ENABLE_STRICT_OBJC_MSGSEND = YES;
				ENABLE_TESTABILITY = YES;
				ENABLE_USER_SCRIPT_SANDBOXING = YES;
				GCC_C_LANGUAGE_STANDARD = gnu17;
				GCC_DYNAMIC_NO_PIC = NO;
				GCC_NO_COMMON_BLOCKS = YES;
				GCC_OPTIMIZATION_LEVEL = 0;
				GCC_PREPROCESSOR_DEFINITIONS = (
					"DEBUG=1",
					"$(inherited)",
				);
				GCC_WARN_64_TO_32_BIT_CONVERSION = YES;
				GCC_WARN_ABOUT_RETURN_TYPE = YES_ERROR;
				GCC_WARN_UNDECLARED_SELECTOR = YES;
				GCC_WARN_UNINITIALIZED_AUTOS = YES_AGGRESSIVE;
				GCC_WARN_UNUSED_FUNCTION = YES;
				GCC_WARN_UNUSED_VARIABLE = YES;
				IPHONEOS_DEPLOYMENT_TARGET = 17.2;
				LOCALIZATION_PREFERS_STRING_CATALOGS = YES;
				MTL_ENABLE_DEBUG_INFO = INCLUDE_SOURCE;
				MTL_FAST_MATH = YES;
				ONLY_ACTIVE_ARCH = YES;
				SDKROOT = iphoneos;
				SWIFT_ACTIVE_COMPILATION_CONDITIONS = "DEBUG $(inherited)";
				SWIFT_OPTIMIZATION_LEVEL = "-Onone";
			};
			name = Debug;
		};
		5787FBD92B84DFBB00023063 /* Release */ = {
			isa = XCBuildConfiguration;
			buildSettings = {
				ALWAYS_SEARCH_USER_PATHS = NO;
				ASSETCATALOG_COMPILER_GENERATE_SWIFT_ASSET_SYMBOL_EXTENSIONS = YES;
				CLANG_ANALYZER_NONNULL = YES;
				CLANG_ANALYZER_NUMBER_OBJECT_CONVERSION = YES_AGGRESSIVE;
				CLANG_CXX_LANGUAGE_STANDARD = "gnu++20";
				CLANG_ENABLE_MODULES = YES;
				CLANG_ENABLE_OBJC_ARC = YES;
				CLANG_ENABLE_OBJC_WEAK = YES;
				CLANG_WARN_BLOCK_CAPTURE_AUTORELEASING = YES;
				CLANG_WARN_BOOL_CONVERSION = YES;
				CLANG_WARN_COMMA = YES;
				CLANG_WARN_CONSTANT_CONVERSION = YES;
				CLANG_WARN_DEPRECATED_OBJC_IMPLEMENTATIONS = YES;
				CLANG_WARN_DIRECT_OBJC_ISA_USAGE = YES_ERROR;
				CLANG_WARN_DOCUMENTATION_COMMENTS = YES;
				CLANG_WARN_EMPTY_BODY = YES;
				CLANG_WARN_ENUM_CONVERSION = YES;
				CLANG_WARN_INFINITE_RECURSION = YES;
				CLANG_WARN_INT_CONVERSION = YES;
				CLANG_WARN_NON_LITERAL_NULL_CONVERSION = YES;
				CLANG_WARN_OBJC_IMPLICIT_RETAIN_SELF = YES;
				CLANG_WARN_OBJC_LITERAL_CONVERSION = YES;
				CLANG_WARN_OBJC_ROOT_CLASS = YES_ERROR;
				CLANG_WARN_QUOTED_INCLUDE_IN_FRAMEWORK_HEADER = YES;
				CLANG_WARN_RANGE_LOOP_ANALYSIS = YES;
				CLANG_WARN_STRICT_PROTOTYPES = YES;
				CLANG_WARN_SUSPICIOUS_MOVE = YES;
				CLANG_WARN_UNGUARDED_AVAILABILITY = YES_AGGRESSIVE;
				CLANG_WARN_UNREACHABLE_CODE = YES;
				CLANG_WARN__DUPLICATE_METHOD_MATCH = YES;
				COPY_PHASE_STRIP = NO;
				DEBUG_INFORMATION_FORMAT = "dwarf-with-dsym";
				ENABLE_NS_ASSERTIONS = NO;
				ENABLE_STRICT_OBJC_MSGSEND = YES;
				ENABLE_USER_SCRIPT_SANDBOXING = YES;
				GCC_C_LANGUAGE_STANDARD = gnu17;
				GCC_NO_COMMON_BLOCKS = YES;
				GCC_WARN_64_TO_32_BIT_CONVERSION = YES;
				GCC_WARN_ABOUT_RETURN_TYPE = YES_ERROR;
				GCC_WARN_UNDECLARED_SELECTOR = YES;
				GCC_WARN_UNINITIALIZED_AUTOS = YES_AGGRESSIVE;
				GCC_WARN_UNUSED_FUNCTION = YES;
				GCC_WARN_UNUSED_VARIABLE = YES;
				IPHONEOS_DEPLOYMENT_TARGET = 17.2;
				LOCALIZATION_PREFERS_STRING_CATALOGS = YES;
				MTL_ENABLE_DEBUG_INFO = NO;
				MTL_FAST_MATH = YES;
				SDKROOT = iphoneos;
				SWIFT_COMPILATION_MODE = wholemodule;
				VALIDATE_PRODUCT = YES;
			};
			name = Release;
		};
		5787FBDB2B84DFBB00023063 /* Debug */ = {
			isa = XCBuildConfiguration;
			buildSettings = {
				ASSETCATALOG_COMPILER_APPICON_NAME = AppIcon;
				ASSETCATALOG_COMPILER_GLOBAL_ACCENT_COLOR_NAME = AccentColor;
				CODE_SIGN_STYLE = Automatic;
				CURRENT_PROJECT_VERSION = 1;
				GENERATE_INFOPLIST_FILE = YES;
				INFOPLIST_FILE = Hammer/Info.plist;
				INFOPLIST_KEY_UIApplicationSupportsIndirectInputEvents = YES;
				INFOPLIST_KEY_UILaunchStoryboardName = LaunchScreen;
				INFOPLIST_KEY_UIMainStoryboardFile = Main;
				INFOPLIST_KEY_UISupportedInterfaceOrientations_iPad = "UIInterfaceOrientationPortrait UIInterfaceOrientationPortraitUpsideDown UIInterfaceOrientationLandscapeLeft UIInterfaceOrientationLandscapeRight";
				INFOPLIST_KEY_UISupportedInterfaceOrientations_iPhone = "UIInterfaceOrientationPortrait UIInterfaceOrientationLandscapeLeft UIInterfaceOrientationLandscapeRight";
				LD_RUNPATH_SEARCH_PATHS = (
					"$(inherited)",
					"@executable_path/Frameworks",
				);
				MARKETING_VERSION = 1.0;
				PRODUCT_BUNDLE_IDENTIFIER = com.imtne.Hammer;
				PRODUCT_NAME = "$(TARGET_NAME)";
				SWIFT_EMIT_LOC_STRINGS = YES;
				SWIFT_VERSION = 5.0;
				TARGETED_DEVICE_FAMILY = "1,2";
			};
			name = Debug;
		};
		5787FBDC2B84DFBB00023063 /* Release */ = {
			isa = XCBuildConfiguration;
			buildSettings = {
				ASSETCATALOG_COMPILER_APPICON_NAME = AppIcon;
				ASSETCATALOG_COMPILER_GLOBAL_ACCENT_COLOR_NAME = AccentColor;
				CODE_SIGN_STYLE = Automatic;
				CURRENT_PROJECT_VERSION = 1;
				GENERATE_INFOPLIST_FILE = YES;
				INFOPLIST_FILE = Hammer/Info.plist;
				INFOPLIST_KEY_UIApplicationSupportsIndirectInputEvents = YES;
				INFOPLIST_KEY_UILaunchStoryboardName = LaunchScreen;
				INFOPLIST_KEY_UIMainStoryboardFile = Main;
				INFOPLIST_KEY_UISupportedInterfaceOrientations_iPad = "UIInterfaceOrientationPortrait UIInterfaceOrientationPortraitUpsideDown UIInterfaceOrientationLandscapeLeft UIInterfaceOrientationLandscapeRight";
				INFOPLIST_KEY_UISupportedInterfaceOrientations_iPhone = "UIInterfaceOrientationPortrait UIInterfaceOrientationLandscapeLeft UIInterfaceOrientationLandscapeRight";
				LD_RUNPATH_SEARCH_PATHS = (
					"$(inherited)",
					"@executable_path/Frameworks",
				);
				MARKETING_VERSION = 1.0;
				PRODUCT_BUNDLE_IDENTIFIER = com.imtne.Hammer;
				PRODUCT_NAME = "$(TARGET_NAME)";
				SWIFT_EMIT_LOC_STRINGS = YES;
				SWIFT_VERSION = 5.0;
				TARGETED_DEVICE_FAMILY = "1,2";
			};
			name = Release;
		};
		5787FBDE2B84DFBB00023063 /* Debug */ = {
			isa = XCBuildConfiguration;
			buildSettings = {
				ALWAYS_EMBED_SWIFT_STANDARD_LIBRARIES = YES;
				BUNDLE_LOADER = "$(TEST_HOST)";
				CODE_SIGN_STYLE = Automatic;
				CURRENT_PROJECT_VERSION = 1;
				GENERATE_INFOPLIST_FILE = YES;
				IPHONEOS_DEPLOYMENT_TARGET = 17.2;
				MARKETING_VERSION = 1.0;
				PRODUCT_BUNDLE_IDENTIFIER = com.imtne.HammerTests;
				PRODUCT_NAME = "$(TARGET_NAME)";
				SWIFT_EMIT_LOC_STRINGS = NO;
				SWIFT_VERSION = 5.0;
				TARGETED_DEVICE_FAMILY = "1,2";
				TEST_HOST = "$(BUILT_PRODUCTS_DIR)/Hammer.app/$(BUNDLE_EXECUTABLE_FOLDER_PATH)/Hammer";
			};
			name = Debug;
		};
		5787FBDF2B84DFBB00023063 /* Release */ = {
			isa = XCBuildConfiguration;
			buildSettings = {
				ALWAYS_EMBED_SWIFT_STANDARD_LIBRARIES = YES;
				BUNDLE_LOADER = "$(TEST_HOST)";
				CODE_SIGN_STYLE = Automatic;
				CURRENT_PROJECT_VERSION = 1;
				GENERATE_INFOPLIST_FILE = YES;
				IPHONEOS_DEPLOYMENT_TARGET = 17.2;
				MARKETING_VERSION = 1.0;
				PRODUCT_BUNDLE_IDENTIFIER = com.imtne.HammerTests;
				PRODUCT_NAME = "$(TARGET_NAME)";
				SWIFT_EMIT_LOC_STRINGS = NO;
				SWIFT_VERSION = 5.0;
				TARGETED_DEVICE_FAMILY = "1,2";
				TEST_HOST = "$(BUILT_PRODUCTS_DIR)/Hammer.app/$(BUNDLE_EXECUTABLE_FOLDER_PATH)/Hammer";
			};
			name = Release;
		};
		5787FBE12B84DFBB00023063 /* Debug */ = {
			isa = XCBuildConfiguration;
			buildSettings = {
				ALWAYS_EMBED_SWIFT_STANDARD_LIBRARIES = YES;
				CODE_SIGN_STYLE = Automatic;
				CURRENT_PROJECT_VERSION = 1;
				GENERATE_INFOPLIST_FILE = YES;
				MARKETING_VERSION = 1.0;
				PRODUCT_BUNDLE_IDENTIFIER = com.imtne.HammerUITests;
				PRODUCT_NAME = "$(TARGET_NAME)";
				SWIFT_EMIT_LOC_STRINGS = NO;
				SWIFT_VERSION = 5.0;
				TARGETED_DEVICE_FAMILY = "1,2";
				TEST_TARGET_NAME = Hammer;
			};
			name = Debug;
		};
		5787FBE22B84DFBB00023063 /* Release */ = {
			isa = XCBuildConfiguration;
			buildSettings = {
				ALWAYS_EMBED_SWIFT_STANDARD_LIBRARIES = YES;
				CODE_SIGN_STYLE = Automatic;
				CURRENT_PROJECT_VERSION = 1;
				GENERATE_INFOPLIST_FILE = YES;
				MARKETING_VERSION = 1.0;
				PRODUCT_BUNDLE_IDENTIFIER = com.imtne.HammerUITests;
				PRODUCT_NAME = "$(TARGET_NAME)";
				SWIFT_EMIT_LOC_STRINGS = NO;
				SWIFT_VERSION = 5.0;
				TARGETED_DEVICE_FAMILY = "1,2";
				TEST_TARGET_NAME = Hammer;
			};
			name = Release;
		};
/* End XCBuildConfiguration section */

/* Begin XCConfigurationList section */
		5787FBA82B84DFB600023063 /* Build configuration list for PBXProject "Hammer" */ = {
			isa = XCConfigurationList;
			buildConfigurations = (
				5787FBD82B84DFBB00023063 /* Debug */,
				5787FBD92B84DFBB00023063 /* Release */,
			);
			defaultConfigurationIsVisible = 0;
			defaultConfigurationName = Release;
		};
		5787FBDA2B84DFBB00023063 /* Build configuration list for PBXNativeTarget "Hammer" */ = {
			isa = XCConfigurationList;
			buildConfigurations = (
				5787FBDB2B84DFBB00023063 /* Debug */,
				5787FBDC2B84DFBB00023063 /* Release */,
			);
			defaultConfigurationIsVisible = 0;
			defaultConfigurationName = Release;
		};
		5787FBDD2B84DFBB00023063 /* Build configuration list for PBXNativeTarget "HammerTests" */ = {
			isa = XCConfigurationList;
			buildConfigurations = (
				5787FBDE2B84DFBB00023063 /* Debug */,
				5787FBDF2B84DFBB00023063 /* Release */,
			);
			defaultConfigurationIsVisible = 0;
			defaultConfigurationName = Release;
		};
		5787FBE02B84DFBB00023063 /* Build configuration list for PBXNativeTarget "HammerUITests" */ = {
			isa = XCConfigurationList;
			buildConfigurations = (
				5787FBE12B84DFBB00023063 /* Debug */,
				5787FBE22B84DFBB00023063 /* Release */,
			);
			defaultConfigurationIsVisible = 0;
			defaultConfigurationName = Release;
		};
/* End XCConfigurationList section */

/* Begin XCVersionGroup section */
		5787FBB92B84DFB600023063 /* Hammer.xcdatamodeld */ = {
			isa = XCVersionGroup;
			children = (
				5787FBBA2B84DFB600023063 /* Hammer.xcdatamodel */,
			);
			currentVersion = 5787FBBA2B84DFB600023063 /* Hammer.xcdatamodel */;
			path = Hammer.xcdatamodeld;
			sourceTree = "<group>";
			versionGroupType = wrapper.xcdatamodel;
		};
/* End XCVersionGroup section */
	};
	rootObject = 5787FBA52B84DFB600023063 /* Project object */;
}
